
Microsoft Visual Studio Solution File, Format Version 12.00
# Visual Studio Version 17
VisualStudioVersion = 17.0.31903.59
MinimumVisualStudioVersion = 10.0.40219.1
Project("{2150E333-8FDC-42A3-9474-1A3956D46DE8}") = "src", "src", "{827E0CD3-B72D-47B6-A68D-7590B98EB39B}"
EndProject
Project("{2150E333-8FDC-42A3-9474-1A3956D46DE8}") = "Services", "Services", "{984BB9B3-3FA3-BE33-9484-CAC21695A33C}"
EndProject
Project("{2150E333-8FDC-42A3-9474-1A3956D46DE8}") = "Tickets", "Tickets", "{C1F00440-3B95-7E7C-4384-129F8D527FBA}"
EndProject
Project("{FAE04EC0-301F-11D3-BF4B-00C04F79EFBC}") = "Tickets.Domain", "src\Services\Tickets\Tickets.Domain\Tickets.Domain.csproj", "{3C8BC44E-FD39-45AE-907E-EF72EDDA2099}"
EndProject
Project("{FAE04EC0-301F-11D3-BF4B-00C04F79EFBC}") = "Tickets.Application", "src\Services\Tickets\Tickets.Application\Tickets.Application.csproj", "{DE6CF868-017F-407C-A0C1-1F23A7F99FE3}"
EndProject
Project("{FAE04EC0-301F-11D3-BF4B-00C04F79EFBC}") = "Tickets.Infrastructure", "src\Services\Tickets\Tickets.Infrastructure\Tickets.Infrastructure.csproj", "{CE902C37-BFF3-485B-80A9-8680140E46B8}"
EndProject
Project("{FAE04EC0-301F-11D3-BF4B-00C04F79EFBC}") = "Tickets.Api", "src\Services\Tickets\Tickets.Api\Tickets.Api.csproj", "{9435B6E6-5E49-44D6-9E01-487D1343FCA9}"
EndProject
Global
	GlobalSection(SolutionConfigurationPlatforms) = preSolution
		Debug|Any CPU = Debug|Any CPU
		Debug|x64 = Debug|x64
		Debug|x86 = Debug|x86
		Release|Any CPU = Release|Any CPU
		Release|x64 = Release|x64
		Release|x86 = Release|x86
	EndGlobalSection
	GlobalSection(ProjectConfigurationPlatforms) = postSolution
		{3C8BC44E-FD39-45AE-907E-EF72EDDA2099}.Debug|Any CPU.ActiveCfg = Debug|Any CPU
		{3C8BC44E-FD39-45AE-907E-EF72EDDA2099}.Debug|Any CPU.Build.0 = Debug|Any CPU
		{3C8BC44E-FD39-45AE-907E-EF72EDDA2099}.Debug|x64.ActiveCfg = Debug|Any CPU
		{3C8BC44E-FD39-45AE-907E-EF72EDDA2099}.Debug|x64.Build.0 = Debug|Any CPU
		{3C8BC44E-FD39-45AE-907E-EF72EDDA2099}.Debug|x86.ActiveCfg = Debug|Any CPU
		{3C8BC44E-FD39-45AE-907E-EF72EDDA2099}.Debug|x86.Build.0 = Debug|Any CPU
		{3C8BC44E-FD39-45AE-907E-EF72EDDA2099}.Release|Any CPU.ActiveCfg = Release|Any CPU
		{3C8BC44E-FD39-45AE-907E-EF72EDDA2099}.Release|Any CPU.Build.0 = Release|Any CPU
		{3C8BC44E-FD39-45AE-907E-EF72EDDA2099}.Release|x64.ActiveCfg = Release|Any CPU
		{3C8BC44E-FD39-45AE-907E-EF72EDDA2099}.Release|x64.Build.0 = Release|Any CPU
		{3C8BC44E-FD39-45AE-907E-EF72EDDA2099}.Release|x86.ActiveCfg = Release|Any CPU
		{3C8BC44E-FD39-45AE-907E-EF72EDDA2099}.Release|x86.Build.0 = Release|Any CPU
		{DE6CF868-017F-407C-A0C1-1F23A7F99FE3}.Debug|Any CPU.ActiveCfg = Debug|Any CPU
		{DE6CF868-017F-407C-A0C1-1F23A7F99FE3}.Debug|Any CPU.Build.0 = Debug|Any CPU
		{DE6CF868-017F-407C-A0C1-1F23A7F99FE3}.Debug|x64.ActiveCfg = Debug|Any CPU
		{DE6CF868-017F-407C-A0C1-1F23A7F99FE3}.Debug|x64.Build.0 = Debug|Any CPU
		{DE6CF868-017F-407C-A0C1-1F23A7F99FE3}.Debug|x86.ActiveCfg = Debug|Any CPU
		{DE6CF868-017F-407C-A0C1-1F23A7F99FE3}.Debug|x86.Build.0 = Debug|Any CPU
		{DE6CF868-017F-407C-A0C1-1F23A7F99FE3}.Release|Any CPU.ActiveCfg = Release|Any CPU
		{DE6CF868-017F-407C-A0C1-1F23A7F99FE3}.Release|Any CPU.Build.0 = Release|Any CPU
		{DE6CF868-017F-407C-A0C1-1F23A7F99FE3}.Release|x64.ActiveCfg = Release|Any CPU
		{DE6CF868-017F-407C-A0C1-1F23A7F99FE3}.Release|x64.Build.0 = Release|Any CPU
		{DE6CF868-017F-407C-A0C1-1F23A7F99FE3}.Release|x86.ActiveCfg = Release|Any CPU
		{DE6CF868-017F-407C-A0C1-1F23A7F99FE3}.Release|x86.Build.0 = Release|Any CPU
		{CE902C37-BFF3-485B-80A9-8680140E46B8}.Debug|Any CPU.ActiveCfg = Debug|Any CPU
		{CE902C37-BFF3-485B-80A9-8680140E46B8}.Debug|Any CPU.Build.0 = Debug|Any CPU
		{CE902C37-BFF3-485B-80A9-8680140E46B8}.Debug|x64.ActiveCfg = Debug|Any CPU
		{CE902C37-BFF3-485B-80A9-8680140E46B8}.Debug|x64.Build.0 = Debug|Any CPU
		{CE902C37-BFF3-485B-80A9-8680140E46B8}.Debug|x86.ActiveCfg = Debug|Any CPU
		{CE902C37-BFF3-485B-80A9-8680140E46B8}.Debug|x86.Build.0 = Debug|Any CPU
		{CE902C37-BFF3-485B-80A9-8680140E46B8}.Release|Any CPU.ActiveCfg = Release|Any CPU
		{CE902C37-BFF3-485B-80A9-8680140E46B8}.Release|Any CPU.Build.0 = Release|Any CPU
		{CE902C37-BFF3-485B-80A9-8680140E46B8}.Release|x64.ActiveCfg = Release|Any CPU
		{CE902C37-BFF3-485B-80A9-8680140E46B8}.Release|x64.Build.0 = Release|Any CPU
		{CE902C37-BFF3-485B-80A9-8680140E46B8}.Release|x86.ActiveCfg = Release|Any CPU
		{CE902C37-BFF3-485B-80A9-8680140E46B8}.Release|x86.Build.0 = Release|Any CPU
		{9435B6E6-5E49-44D6-9E01-487D1343FCA9}.Debug|Any CPU.ActiveCfg = Debug|Any CPU
		{9435B6E6-5E49-44D6-9E01-487D1343FCA9}.Debug|Any CPU.Build.0 = Debug|Any CPU
		{9435B6E6-5E49-44D6-9E01-487D1343FCA9}.Debug|x64.ActiveCfg = Debug|Any CPU
		{9435B6E6-5E49-44D6-9E01-487D1343FCA9}.Debug|x64.Build.0 = Debug|Any CPU
		{9435B6E6-5E49-44D6-9E01-487D1343FCA9}.Debug|x86.ActiveCfg = Debug|Any CPU
		{9435B6E6-5E49-44D6-9E01-487D1343FCA9}.Debug|x86.Build.0 = Debug|Any CPU
		{9435B6E6-5E49-44D6-9E01-487D1343FCA9}.Release|Any CPU.ActiveCfg = Release|Any CPU
		{9435B6E6-5E49-44D6-9E01-487D1343FCA9}.Release|Any CPU.Build.0 = Release|Any CPU
		{9435B6E6-5E49-44D6-9E01-487D1343FCA9}.Release|x64.ActiveCfg = Release|Any CPU
		{9435B6E6-5E49-44D6-9E01-487D1343FCA9}.Release|x64.Build.0 = Release|Any CPU
		{9435B6E6-5E49-44D6-9E01-487D1343FCA9}.Release|x86.ActiveCfg = Release|Any CPU
		{9435B6E6-5E49-44D6-9E01-487D1343FCA9}.Release|x86.Build.0 = Release|Any CPU
	EndGlobalSection
	GlobalSection(SolutionProperties) = preSolution
		HideSolutionNode = FALSE
	EndGlobalSection
	GlobalSection(NestedProjects) = preSolution
		{984BB9B3-3FA3-BE33-9484-CAC21695A33C} = {827E0CD3-B72D-47B6-A68D-7590B98EB39B}
		{C1F00440-3B95-7E7C-4384-129F8D527FBA} = {984BB9B3-3FA3-BE33-9484-CAC21695A33C}
		{3C8BC44E-FD39-45AE-907E-EF72EDDA2099} = {C1F00440-3B95-7E7C-4384-129F8D527FBA}
		{DE6CF868-017F-407C-A0C1-1F23A7F99FE3} = {C1F00440-3B95-7E7C-4384-129F8D527FBA}
		{CE902C37-BFF3-485B-80A9-8680140E46B8} = {C1F00440-3B95-7E7C-4384-129F8D527FBA}
		{9435B6E6-5E49-44D6-9E01-487D1343FCA9} = {C1F00440-3B95-7E7C-4384-129F8D527FBA}
	EndGlobalSection
EndGlobal
