
Microsoft Visual Studio Solution File, Format Version 12.00
# Visual Studio Version 17
VisualStudioVersion = 17.0.31903.59
MinimumVisualStudioVersion = 10.0.40219.1
Project("{2150E333-8FDC-42A3-9474-1A3956D46DE8}") = "src", "src", "{827E0CD3-B72D-47B6-A68D-7590B98EB39B}"
EndProject
Project("{2150E333-8FDC-42A3-9474-1A3956D46DE8}") = "Services", "Services", "{984BB9B3-3FA3-BE33-9484-CAC21695A33C}"
EndProject
Project("{2150E333-8FDC-42A3-9474-1A3956D46DE8}") = "Tickets", "Tickets", "{C1F00440-3B95-7E7C-4384-129F8D527FBA}"
EndProject
Project("{FAE04EC0-301F-11D3-BF4B-00C04F79EFBC}") = "Tickets.Domain", "src\Services\Tickets\Tickets.Domain\Tickets.Domain.csproj", "{3C8BC44E-FD39-45AE-907E-EF72EDDA2099}"
EndProject
Project("{FAE04EC0-301F-11D3-BF4B-00C04F79EFBC}") = "Tickets.Application", "src\Services\Tickets\Tickets.Application\Tickets.Application.csproj", "{DE6CF868-017F-407C-A0C1-1F23A7F99FE3}"
EndProject
Project("{FAE04EC0-301F-11D3-BF4B-00C04F79EFBC}") = "Tickets.Infrastructure", "src\Services\Tickets\Tickets.Infrastructure\Tickets.Infrastructure.csproj", "{CE902C37-BFF3-485B-80A9-8680140E46B8}"
EndProject
Project("{FAE04EC0-301F-11D3-BF4B-00C04F79EFBC}") = "Tickets.Api", "src\Services\Tickets\Tickets.Api\Tickets.Api.csproj", "{9435B6E6-5E49-44D6-9E01-487D1343FCA9}"
EndProject
Project("{2150E333-8FDC-42A3-9474-1A3956D46DE8}") = "BuildingBlocks", "BuildingBlocks", "{90298CBA-BD6F-3A0A-69D5-97CAD7B05E7E}"
EndProject
Project("{FAE04EC0-301F-11D3-BF4B-00C04F79EFBC}") = "HelpDeskFlow.Auth", "src\BuildingBlocks\HelpDeskFlow.Auth\HelpDeskFlow.Auth.csproj", "{819B2B17-D433-4453-9F1C-291A227E58FB}"
EndProject
Project("{FAE04EC0-301F-11D3-BF4B-00C04F79EFBC}") = "Identity.Domain", "src\Services\Identity\Identity.Domain\Identity.Domain.csproj", "{4DA17B0E-4957-45FF-81E9-570F0C9AB9F2}"
EndProject
Project("{FAE04EC0-301F-11D3-BF4B-00C04F79EFBC}") = "Identity.Application", "src\Services\Identity\Identity.Application\Identity.Application.csproj", "{CD64DF4F-71ED-4FD7-B039-F1DDBF9FEA34}"
EndProject
Project("{FAE04EC0-301F-11D3-BF4B-00C04F79EFBC}") = "Identity.Infrastructure", "src\Services\Identity\Identity.Infrastructure\Identity.Infrastructure.csproj", "{2F869F57-C37C-4DFA-BEE1-86E6255498D9}"
EndProject
Project("{FAE04EC0-301F-11D3-BF4B-00C04F79EFBC}") = "Identity.Api", "src\Services\Identity\Identity.Api\Identity.Api.csproj", "{EAC50AFD-69F5-4795-9F4E-CCFFED7E6732}"
EndProject
Project("{2150E333-8FDC-42A3-9474-1A3956D46DE8}") = "Gateway", "Gateway", "{6306A8FB-679E-111F-6585-8F70E0EE6013}"
EndProject
Project("{FAE04EC0-301F-11D3-BF4B-00C04F79EFBC}") = "Gateway.Api", "src\Gateway\Gateway.Api\Gateway.Api.csproj", "{6932C39C-4B83-4824-B8CE-242BB23EDA0A}"
EndProject
Project("{FAE04EC0-301F-11D3-BF4B-00C04F79EFBC}") = "HelpDeskFlow.Contracts", "src\BuildingBlocks\HelpDeskFlow.Contracts\HelpDeskFlow.Contracts.csproj", "{D9EBD59F-6E09-4357-8A0A-629FAD688361}"
EndProject
Project("{FAE04EC0-301F-11D3-BF4B-00C04F79EFBC}") = "HelpDeskFlow.Messaging.RabbitMq", "src\BuildingBlocks\HelpDeskFlow.Messaging.RabbitMq\HelpDeskFlow.Messaging.RabbitMq.csproj", "{0B679B8A-DFFC-4054-BD43-0991B91E911E}"
EndProject
Project("{FAE04EC0-301F-11D3-BF4B-00C04F79EFBC}") = "Notifications.Api", "src\Services\Notifications\Notifications.Api\Notifications.Api.csproj", "{55FB86D5-2229-41C3-8C0A-7E73140369C0}"
EndProject
Project("{FAE04EC0-301F-11D3-BF4B-00C04F79EFBC}") = "HelpDeskFlow.Messaging.Outbox", "src\BuildingBlocks\HelpDeskFlow.Messaging.Outbox\HelpDeskFlow.Messaging.Outbox.csproj", "{FFD51076-A18D-4509-BD78-6B89BB2C1947}"
EndProject
Project("{2150E333-8FDC-42A3-9474-1A3956D46DE8}") = "Tenants", "Tenants", "{91537818-6812-15AC-B5EC-7C6521FBE51D}"
EndProject
Project("{FAE04EC0-301F-11D3-BF4B-00C04F79EFBC}") = "Tenants.Api", "src\Services\Tenants\Tenants.Api\Tenants.Api.csproj", "{B9996C97-20F7-4E52-AD21-64F3D6191132}"
EndProject
Project("{2150E333-8FDC-42A3-9474-1A3956D46DE8}") = "tests", "tests", "{0AB3BF05-4346-4AA6-1389-037BE0695223}"
EndProject
Project("{FAE04EC0-301F-11D3-BF4B-00C04F79EFBC}") = "HelpDeskFlow.UnitTests", "tests\HelpDeskFlow.UnitTests\HelpDeskFlow.UnitTests.csproj", "{1A3146DA-1B39-428A-A381-14F2D100FD32}"
EndProject
Project("{FAE04EC0-301F-11D3-BF4B-00C04F79EFBC}") = "HelpDeskFlow.IntegrationTests", "tests\HelpDeskFlow.IntegrationTests\HelpDeskFlow.IntegrationTests.csproj", "{F63F0273-EE27-469A-BEA8-38E747ED17C3}"
EndProject
Global
	GlobalSection(SolutionConfigurationPlatforms) = preSolution
		Debug|Any CPU = Debug|Any CPU
		Debug|x64 = Debug|x64
		Debug|x86 = Debug|x86
		Release|Any CPU = Release|Any CPU
		Release|x64 = Release|x64
		Release|x86 = Release|x86
	EndGlobalSection
	GlobalSection(ProjectConfigurationPlatforms) = postSolution
		{3C8BC44E-FD39-45AE-907E-EF72EDDA2099}.Debug|Any CPU.ActiveCfg = Debug|Any CPU
		{3C8BC44E-FD39-45AE-907E-EF72EDDA2099}.Debug|Any CPU.Build.0 = Debug|Any CPU
		{3C8BC44E-FD39-45AE-907E-EF72EDDA2099}.Debug|x64.ActiveCfg = Debug|Any CPU
		{3C8BC44E-FD39-45AE-907E-EF72EDDA2099}.Debug|x64.Build.0 = Debug|Any CPU
		{3C8BC44E-FD39-45AE-907E-EF72EDDA2099}.Debug|x86.ActiveCfg = Debug|Any CPU
		{3C8BC44E-FD39-45AE-907E-EF72EDDA2099}.Debug|x86.Build.0 = Debug|Any CPU
		{3C8BC44E-FD39-45AE-907E-EF72EDDA2099}.Release|Any CPU.ActiveCfg = Release|Any CPU
		{3C8BC44E-FD39-45AE-907E-EF72EDDA2099}.Release|Any CPU.Build.0 = Release|Any CPU
		{3C8BC44E-FD39-45AE-907E-EF72EDDA2099}.Release|x64.ActiveCfg = Release|Any CPU
		{3C8BC44E-FD39-45AE-907E-EF72EDDA2099}.Release|x64.Build.0 = Release|Any CPU
		{3C8BC44E-FD39-45AE-907E-EF72EDDA2099}.Release|x86.ActiveCfg = Release|Any CPU
		{3C8BC44E-FD39-45AE-907E-EF72EDDA2099}.Release|x86.Build.0 = Release|Any CPU
		{DE6CF868-017F-407C-A0C1-1F23A7F99FE3}.Debug|Any CPU.ActiveCfg = Debug|Any CPU
		{DE6CF868-017F-407C-A0C1-1F23A7F99FE3}.Debug|Any CPU.Build.0 = Debug|Any CPU
		{DE6CF868-017F-407C-A0C1-1F23A7F99FE3}.Debug|x64.ActiveCfg = Debug|Any CPU
		{DE6CF868-017F-407C-A0C1-1F23A7F99FE3}.Debug|x64.Build.0 = Debug|Any CPU
		{DE6CF868-017F-407C-A0C1-1F23A7F99FE3}.Debug|x86.ActiveCfg = Debug|Any CPU
		{DE6CF868-017F-407C-A0C1-1F23A7F99FE3}.Debug|x86.Build.0 = Debug|Any CPU
		{DE6CF868-017F-407C-A0C1-1F23A7F99FE3}.Release|Any CPU.ActiveCfg = Release|Any CPU
		{DE6CF868-017F-407C-A0C1-1F23A7F99FE3}.Release|Any CPU.Build.0 = Release|Any CPU
		{DE6CF868-017F-407C-A0C1-1F23A7F99FE3}.Release|x64.ActiveCfg = Release|Any CPU
		{DE6CF868-017F-407C-A0C1-1F23A7F99FE3}.Release|x64.Build.0 = Release|Any CPU
		{DE6CF868-017F-407C-A0C1-1F23A7F99FE3}.Release|x86.ActiveCfg = Release|Any CPU
		{DE6CF868-017F-407C-A0C1-1F23A7F99FE3}.Release|x86.Build.0 = Release|Any CPU
		{CE902C37-BFF3-485B-80A9-8680140E46B8}.Debug|Any CPU.ActiveCfg = Debug|Any CPU
		{CE902C37-BFF3-485B-80A9-8680140E46B8}.Debug|Any CPU.Build.0 = Debug|Any CPU
		{CE902C37-BFF3-485B-80A9-8680140E46B8}.Debug|x64.ActiveCfg = Debug|Any CPU
		{CE902C37-BFF3-485B-80A9-8680140E46B8}.Debug|x64.Build.0 = Debug|Any CPU
		{CE902C37-BFF3-485B-80A9-8680140E46B8}.Debug|x86.ActiveCfg = Debug|Any CPU
		{CE902C37-BFF3-485B-80A9-8680140E46B8}.Debug|x86.Build.0 = Debug|Any CPU
		{CE902C37-BFF3-485B-80A9-8680140E46B8}.Release|Any CPU.ActiveCfg = Release|Any CPU
		{CE902C37-BFF3-485B-80A9-8680140E46B8}.Release|Any CPU.Build.0 = Release|Any CPU
		{CE902C37-BFF3-485B-80A9-8680140E46B8}.Release|x64.ActiveCfg = Release|Any CPU
		{CE902C37-BFF3-485B-80A9-8680140E46B8}.Release|x64.Build.0 = Release|Any CPU
		{CE902C37-BFF3-485B-80A9-8680140E46B8}.Release|x86.ActiveCfg = Release|Any CPU
		{CE902C37-BFF3-485B-80A9-8680140E46B8}.Release|x86.Build.0 = Release|Any CPU
		{9435B6E6-5E49-44D6-9E01-487D1343FCA9}.Debug|Any CPU.ActiveCfg = Debug|Any CPU
		{9435B6E6-5E49-44D6-9E01-487D1343FCA9}.Debug|Any CPU.Build.0 = Debug|Any CPU
		{9435B6E6-5E49-44D6-9E01-487D1343FCA9}.Debug|x64.ActiveCfg = Debug|Any CPU
		{9435B6E6-5E49-44D6-9E01-487D1343FCA9}.Debug|x64.Build.0 = Debug|Any CPU
		{9435B6E6-5E49-44D6-9E01-487D1343FCA9}.Debug|x86.ActiveCfg = Debug|Any CPU
		{9435B6E6-5E49-44D6-9E01-487D1343FCA9}.Debug|x86.Build.0 = Debug|Any CPU
		{9435B6E6-5E49-44D6-9E01-487D1343FCA9}.Release|Any CPU.ActiveCfg = Release|Any CPU
		{9435B6E6-5E49-44D6-9E01-487D1343FCA9}.Release|Any CPU.Build.0 = Release|Any CPU
		{9435B6E6-5E49-44D6-9E01-487D1343FCA9}.Release|x64.ActiveCfg = Release|Any CPU
		{9435B6E6-5E49-44D6-9E01-487D1343FCA9}.Release|x64.Build.0 = Release|Any CPU
		{9435B6E6-5E49-44D6-9E01-487D1343FCA9}.Release|x86.ActiveCfg = Release|Any CPU
		{9435B6E6-5E49-44D6-9E01-487D1343FCA9}.Release|x86.Build.0 = Release|Any CPU
		{819B2B17-D433-4453-9F1C-291A227E58FB}.Debug|Any CPU.ActiveCfg = Debug|Any CPU
		{819B2B17-D433-4453-9F1C-291A227E58FB}.Debug|Any CPU.Build.0 = Debug|Any CPU
		{819B2B17-D433-4453-9F1C-291A227E58FB}.Debug|x64.ActiveCfg = Debug|Any CPU
		{819B2B17-D433-4453-9F1C-291A227E58FB}.Debug|x64.Build.0 = Debug|Any CPU
		{819B2B17-D433-4453-9F1C-291A227E58FB}.Debug|x86.ActiveCfg = Debug|Any CPU
		{819B2B17-D433-4453-9F1C-291A227E58FB}.Debug|x86.Build.0 = Debug|Any CPU
		{819B2B17-D433-4453-9F1C-291A227E58FB}.Release|Any CPU.ActiveCfg = Release|Any CPU
		{819B2B17-D433-4453-9F1C-291A227E58FB}.Release|Any CPU.Build.0 = Release|Any CPU
		{819B2B17-D433-4453-9F1C-291A227E58FB}.Release|x64.ActiveCfg = Release|Any CPU
		{819B2B17-D433-4453-9F1C-291A227E58FB}.Release|x64.Build.0 = Release|Any CPU
		{819B2B17-D433-4453-9F1C-291A227E58FB}.Release|x86.ActiveCfg = Release|Any CPU
		{819B2B17-D433-4453-9F1C-291A227E58FB}.Release|x86.Build.0 = Release|Any CPU
		{4DA17B0E-4957-45FF-81E9-570F0C9AB9F2}.Debug|Any CPU.ActiveCfg = Debug|Any CPU
		{4DA17B0E-4957-45FF-81E9-570F0C9AB9F2}.Debug|Any CPU.Build.0 = Debug|Any CPU
		{4DA17B0E-4957-45FF-81E9-570F0C9AB9F2}.Debug|x64.ActiveCfg = Debug|Any CPU
		{4DA17B0E-4957-45FF-81E9-570F0C9AB9F2}.Debug|x64.Build.0 = Debug|Any CPU
		{4DA17B0E-4957-45FF-81E9-570F0C9AB9F2}.Debug|x86.ActiveCfg = Debug|Any CPU
		{4DA17B0E-4957-45FF-81E9-570F0C9AB9F2}.Debug|x86.Build.0 = Debug|Any CPU
		{4DA17B0E-4957-45FF-81E9-570F0C9AB9F2}.Release|Any CPU.ActiveCfg = Release|Any CPU
		{4DA17B0E-4957-45FF-81E9-570F0C9AB9F2}.Release|Any CPU.Build.0 = Release|Any CPU
		{4DA17B0E-4957-45FF-81E9-570F0C9AB9F2}.Release|x64.ActiveCfg = Release|Any CPU
		{4DA17B0E-4957-45FF-81E9-570F0C9AB9F2}.Release|x64.Build.0 = Release|Any CPU
		{4DA17B0E-4957-45FF-81E9-570F0C9AB9F2}.Release|x86.ActiveCfg = Release|Any CPU
		{4DA17B0E-4957-45FF-81E9-570F0C9AB9F2}.Release|x86.Build.0 = Release|Any CPU
		{CD64DF4F-71ED-4FD7-B039-F1DDBF9FEA34}.Debug|Any CPU.ActiveCfg = Debug|Any CPU
		{CD64DF4F-71ED-4FD7-B039-F1DDBF9FEA34}.Debug|Any CPU.Build.0 = Debug|Any CPU
		{CD64DF4F-71ED-4FD7-B039-F1DDBF9FEA34}.Debug|x64.ActiveCfg = Debug|Any CPU
		{CD64DF4F-71ED-4FD7-B039-F1DDBF9FEA34}.Debug|x64.Build.0 = Debug|Any CPU
		{CD64DF4F-71ED-4FD7-B039-F1DDBF9FEA34}.Debug|x86.ActiveCfg = Debug|Any CPU
		{CD64DF4F-71ED-4FD7-B039-F1DDBF9FEA34}.Debug|x86.Build.0 = Debug|Any CPU
		{CD64DF4F-71ED-4FD7-B039-F1DDBF9FEA34}.Release|Any CPU.ActiveCfg = Release|Any CPU
		{CD64DF4F-71ED-4FD7-B039-F1DDBF9FEA34}.Release|Any CPU.Build.0 = Release|Any CPU
		{CD64DF4F-71ED-4FD7-B039-F1DDBF9FEA34}.Release|x64.ActiveCfg = Release|Any CPU
		{CD64DF4F-71ED-4FD7-B039-F1DDBF9FEA34}.Release|x64.Build.0 = Release|Any CPU
		{CD64DF4F-71ED-4FD7-B039-F1DDBF9FEA34}.Release|x86.ActiveCfg = Release|Any CPU
		{CD64DF4F-71ED-4FD7-B039-F1DDBF9FEA34}.Release|x86.Build.0 = Release|Any CPU
		{2F869F57-C37C-4DFA-BEE1-86E6255498D9}.Debug|Any CPU.ActiveCfg = Debug|Any CPU
		{2F869F57-C37C-4DFA-BEE1-86E6255498D9}.Debug|Any CPU.Build.0 = Debug|Any CPU
		{2F869F57-C37C-4DFA-BEE1-86E6255498D9}.Debug|x64.ActiveCfg = Debug|Any CPU
		{2F869F57-C37C-4DFA-BEE1-86E6255498D9}.Debug|x64.Build.0 = Debug|Any CPU
		{2F869F57-C37C-4DFA-BEE1-86E6255498D9}.Debug|x86.ActiveCfg = Debug|Any CPU
		{2F869F57-C37C-4DFA-BEE1-86E6255498D9}.Debug|x86.Build.0 = Debug|Any CPU
		{2F869F57-C37C-4DFA-BEE1-86E6255498D9}.Release|Any CPU.ActiveCfg = Release|Any CPU
		{2F869F57-C37C-4DFA-BEE1-86E6255498D9}.Release|Any CPU.Build.0 = Release|Any CPU
		{2F869F57-C37C-4DFA-BEE1-86E6255498D9}.Release|x64.ActiveCfg = Release|Any CPU
		{2F869F57-C37C-4DFA-BEE1-86E6255498D9}.Release|x64.Build.0 = Release|Any CPU
		{2F869F57-C37C-4DFA-BEE1-86E6255498D9}.Release|x86.ActiveCfg = Release|Any CPU
		{2F869F57-C37C-4DFA-BEE1-86E6255498D9}.Release|x86.Build.0 = Release|Any CPU
		{EAC50AFD-69F5-4795-9F4E-CCFFED7E6732}.Debug|Any CPU.ActiveCfg = Debug|Any CPU
		{EAC50AFD-69F5-4795-9F4E-CCFFED7E6732}.Debug|Any CPU.Build.0 = Debug|Any CPU
		{EAC50AFD-69F5-4795-9F4E-CCFFED7E6732}.Debug|x64.ActiveCfg = Debug|Any CPU
		{EAC50AFD-69F5-4795-9F4E-CCFFED7E6732}.Debug|x64.Build.0 = Debug|Any CPU
		{EAC50AFD-69F5-4795-9F4E-CCFFED7E6732}.Debug|x86.ActiveCfg = Debug|Any CPU
		{EAC50AFD-69F5-4795-9F4E-CCFFED7E6732}.Debug|x86.Build.0 = Debug|Any CPU
		{EAC50AFD-69F5-4795-9F4E-CCFFED7E6732}.Release|Any CPU.ActiveCfg = Release|Any CPU
		{EAC50AFD-69F5-4795-9F4E-CCFFED7E6732}.Release|Any CPU.Build.0 = Release|Any CPU
		{EAC50AFD-69F5-4795-9F4E-CCFFED7E6732}.Release|x64.ActiveCfg = Release|Any CPU
		{EAC50AFD-69F5-4795-9F4E-CCFFED7E6732}.Release|x64.Build.0 = Release|Any CPU
		{EAC50AFD-69F5-4795-9F4E-CCFFED7E6732}.Release|x86.ActiveCfg = Release|Any CPU
		{EAC50AFD-69F5-4795-9F4E-CCFFED7E6732}.Release|x86.Build.0 = Release|Any CPU
		{6932C39C-4B83-4824-B8CE-242BB23EDA0A}.Debug|Any CPU.ActiveCfg = Debug|Any CPU
		{6932C39C-4B83-4824-B8CE-242BB23EDA0A}.Debug|Any CPU.Build.0 = Debug|Any CPU
		{6932C39C-4B83-4824-B8CE-242BB23EDA0A}.Debug|x64.ActiveCfg = Debug|Any CPU
		{6932C39C-4B83-4824-B8CE-242BB23EDA0A}.Debug|x64.Build.0 = Debug|Any CPU
		{6932C39C-4B83-4824-B8CE-242BB23EDA0A}.Debug|x86.ActiveCfg = Debug|Any CPU
		{6932C39C-4B83-4824-B8CE-242BB23EDA0A}.Debug|x86.Build.0 = Debug|Any CPU
		{6932C39C-4B83-4824-B8CE-242BB23EDA0A}.Release|Any CPU.ActiveCfg = Release|Any CPU
		{6932C39C-4B83-4824-B8CE-242BB23EDA0A}.Release|Any CPU.Build.0 = Release|Any CPU
		{6932C39C-4B83-4824-B8CE-242BB23EDA0A}.Release|x64.ActiveCfg = Release|Any CPU
		{6932C39C-4B83-4824-B8CE-242BB23EDA0A}.Release|x64.Build.0 = Release|Any CPU
		{6932C39C-4B83-4824-B8CE-242BB23EDA0A}.Release|x86.ActiveCfg = Release|Any CPU
		{6932C39C-4B83-4824-B8CE-242BB23EDA0A}.Release|x86.Build.0 = Release|Any CPU
		{D9EBD59F-6E09-4357-8A0A-629FAD688361}.Debug|Any CPU.ActiveCfg = Debug|Any CPU
		{D9EBD59F-6E09-4357-8A0A-629FAD688361}.Debug|Any CPU.Build.0 = Debug|Any CPU
		{D9EBD59F-6E09-4357-8A0A-629FAD688361}.Debug|x64.ActiveCfg = Debug|Any CPU
		{D9EBD59F-6E09-4357-8A0A-629FAD688361}.Debug|x64.Build.0 = Debug|Any CPU
		{D9EBD59F-6E09-4357-8A0A-629FAD688361}.Debug|x86.ActiveCfg = Debug|Any CPU
		{D9EBD59F-6E09-4357-8A0A-629FAD688361}.Debug|x86.Build.0 = Debug|Any CPU
		{D9EBD59F-6E09-4357-8A0A-629FAD688361}.Release|Any CPU.ActiveCfg = Release|Any CPU
		{D9EBD59F-6E09-4357-8A0A-629FAD688361}.Release|Any CPU.Build.0 = Release|Any CPU
		{D9EBD59F-6E09-4357-8A0A-629FAD688361}.Release|x64.ActiveCfg = Release|Any CPU
		{D9EBD59F-6E09-4357-8A0A-629FAD688361}.Release|x64.Build.0 = Release|Any CPU
		{D9EBD59F-6E09-4357-8A0A-629FAD688361}.Release|x86.ActiveCfg = Release|Any CPU
		{D9EBD59F-6E09-4357-8A0A-629FAD688361}.Release|x86.Build.0 = Release|Any CPU
		{0B679B8A-DFFC-4054-BD43-0991B91E911E}.Debug|Any CPU.ActiveCfg = Debug|Any CPU
		{0B679B8A-DFFC-4054-BD43-0991B91E911E}.Debug|Any CPU.Build.0 = Debug|Any CPU
		{0B679B8A-DFFC-4054-BD43-0991B91E911E}.Debug|x64.ActiveCfg = Debug|Any CPU
		{0B679B8A-DFFC-4054-BD43-0991B91E911E}.Debug|x64.Build.0 = Debug|Any CPU
		{0B679B8A-DFFC-4054-BD43-0991B91E911E}.Debug|x86.ActiveCfg = Debug|Any CPU
		{0B679B8A-DFFC-4054-BD43-0991B91E911E}.Debug|x86.Build.0 = Debug|Any CPU
		{0B679B8A-DFFC-4054-BD43-0991B91E911E}.Release|Any CPU.ActiveCfg = Release|Any CPU
		{0B679B8A-DFFC-4054-BD43-0991B91E911E}.Release|Any CPU.Build.0 = Release|Any CPU
		{0B679B8A-DFFC-4054-BD43-0991B91E911E}.Release|x64.ActiveCfg = Release|Any CPU
		{0B679B8A-DFFC-4054-BD43-0991B91E911E}.Release|x64.Build.0 = Release|Any CPU
		{0B679B8A-DFFC-4054-BD43-0991B91E911E}.Release|x86.ActiveCfg = Release|Any CPU
		{0B679B8A-DFFC-4054-BD43-0991B91E911E}.Release|x86.Build.0 = Release|Any CPU
		{55FB86D5-2229-41C3-8C0A-7E73140369C0}.Debug|Any CPU.ActiveCfg = Debug|Any CPU
		{55FB86D5-2229-41C3-8C0A-7E73140369C0}.Debug|Any CPU.Build.0 = Debug|Any CPU
		{55FB86D5-2229-41C3-8C0A-7E73140369C0}.Debug|x64.ActiveCfg = Debug|Any CPU
		{55FB86D5-2229-41C3-8C0A-7E73140369C0}.Debug|x64.Build.0 = Debug|Any CPU
		{55FB86D5-2229-41C3-8C0A-7E73140369C0}.Debug|x86.ActiveCfg = Debug|Any CPU
		{55FB86D5-2229-41C3-8C0A-7E73140369C0}.Debug|x86.Build.0 = Debug|Any CPU
		{55FB86D5-2229-41C3-8C0A-7E73140369C0}.Release|Any CPU.ActiveCfg = Release|Any CPU
		{55FB86D5-2229-41C3-8C0A-7E73140369C0}.Release|Any CPU.Build.0 = Release|Any CPU
		{55FB86D5-2229-41C3-8C0A-7E73140369C0}.Release|x64.ActiveCfg = Release|Any CPU
		{55FB86D5-2229-41C3-8C0A-7E73140369C0}.Release|x64.Build.0 = Release|Any CPU
		{55FB86D5-2229-41C3-8C0A-7E73140369C0}.Release|x86.ActiveCfg = Release|Any CPU
		{55FB86D5-2229-41C3-8C0A-7E73140369C0}.Release|x86.Build.0 = Release|Any CPU
		{FFD51076-A18D-4509-BD78-6B89BB2C1947}.Debug|Any CPU.ActiveCfg = Debug|Any CPU
		{FFD51076-A18D-4509-BD78-6B89BB2C1947}.Debug|Any CPU.Build.0 = Debug|Any CPU
		{FFD51076-A18D-4509-BD78-6B89BB2C1947}.Debug|x64.ActiveCfg = Debug|Any CPU
		{FFD51076-A18D-4509-BD78-6B89BB2C1947}.Debug|x64.Build.0 = Debug|Any CPU
		{FFD51076-A18D-4509-BD78-6B89BB2C1947}.Debug|x86.ActiveCfg = Debug|Any CPU
		{FFD51076-A18D-4509-BD78-6B89BB2C1947}.Debug|x86.Build.0 = Debug|Any CPU
		{FFD51076-A18D-4509-BD78-6B89BB2C1947}.Release|Any CPU.ActiveCfg = Release|Any CPU
		{FFD51076-A18D-4509-BD78-6B89BB2C1947}.Release|Any CPU.Build.0 = Release|Any CPU
		{FFD51076-A18D-4509-BD78-6B89BB2C1947}.Release|x64.ActiveCfg = Release|Any CPU
		{FFD51076-A18D-4509-BD78-6B89BB2C1947}.Release|x64.Build.0 = Release|Any CPU
		{FFD51076-A18D-4509-BD78-6B89BB2C1947}.Release|x86.ActiveCfg = Release|Any CPU
		{FFD51076-A18D-4509-BD78-6B89BB2C1947}.Release|x86.Build.0 = Release|Any CPU
		{B9996C97-20F7-4E52-AD21-64F3D6191132}.Debug|Any CPU.ActiveCfg = Debug|Any CPU
		{B9996C97-20F7-4E52-AD21-64F3D6191132}.Debug|Any CPU.Build.0 = Debug|Any CPU
		{B9996C97-20F7-4E52-AD21-64F3D6191132}.Debug|x64.ActiveCfg = Debug|Any CPU
		{B9996C97-20F7-4E52-AD21-64F3D6191132}.Debug|x64.Build.0 = Debug|Any CPU
		{B9996C97-20F7-4E52-AD21-64F3D6191132}.Debug|x86.ActiveCfg = Debug|Any CPU
		{B9996C97-20F7-4E52-AD21-64F3D6191132}.Debug|x86.Build.0 = Debug|Any CPU
		{B9996C97-20F7-4E52-AD21-64F3D6191132}.Release|Any CPU.ActiveCfg = Release|Any CPU
		{B9996C97-20F7-4E52-AD21-64F3D6191132}.Release|Any CPU.Build.0 = Release|Any CPU
		{B9996C97-20F7-4E52-AD21-64F3D6191132}.Release|x64.ActiveCfg = Release|Any CPU
		{B9996C97-20F7-4E52-AD21-64F3D6191132}.Release|x64.Build.0 = Release|Any CPU
		{B9996C97-20F7-4E52-AD21-64F3D6191132}.Release|x86.ActiveCfg = Release|Any CPU
		{B9996C97-20F7-4E52-AD21-64F3D6191132}.Release|x86.Build.0 = Release|Any CPU
		{1A3146DA-1B39-428A-A381-14F2D100FD32}.Debug|Any CPU.ActiveCfg = Debug|Any CPU
		{1A3146DA-1B39-428A-A381-14F2D100FD32}.Debug|Any CPU.Build.0 = Debug|Any CPU
		{1A3146DA-1B39-428A-A381-14F2D100FD32}.Debug|x64.ActiveCfg = Debug|Any CPU
		{1A3146DA-1B39-428A-A381-14F2D100FD32}.Debug|x64.Build.0 = Debug|Any CPU
		{1A3146DA-1B39-428A-A381-14F2D100FD32}.Debug|x86.ActiveCfg = Debug|Any CPU
		{1A3146DA-1B39-428A-A381-14F2D100FD32}.Debug|x86.Build.0 = Debug|Any CPU
		{1A3146DA-1B39-428A-A381-14F2D100FD32}.Release|Any CPU.ActiveCfg = Release|Any CPU
		{1A3146DA-1B39-428A-A381-14F2D100FD32}.Release|Any CPU.Build.0 = Release|Any CPU
		{1A3146DA-1B39-428A-A381-14F2D100FD32}.Release|x64.ActiveCfg = Release|Any CPU
		{1A3146DA-1B39-428A-A381-14F2D100FD32}.Release|x64.Build.0 = Release|Any CPU
		{1A3146DA-1B39-428A-A381-14F2D100FD32}.Release|x86.ActiveCfg = Release|Any CPU
		{1A3146DA-1B39-428A-A381-14F2D100FD32}.Release|x86.Build.0 = Release|Any CPU
		{F63F0273-EE27-469A-BEA8-38E747ED17C3}.Debug|Any CPU.ActiveCfg = Debug|Any CPU
		{F63F0273-EE27-469A-BEA8-38E747ED17C3}.Debug|Any CPU.Build.0 = Debug|Any CPU
		{F63F0273-EE27-469A-BEA8-38E747ED17C3}.Debug|x64.ActiveCfg = Debug|Any CPU
		{F63F0273-EE27-469A-BEA8-38E747ED17C3}.Debug|x64.Build.0 = Debug|Any CPU
		{F63F0273-EE27-469A-BEA8-38E747ED17C3}.Debug|x86.ActiveCfg = Debug|Any CPU
		{F63F0273-EE27-469A-BEA8-38E747ED17C3}.Debug|x86.Build.0 = Debug|Any CPU
		{F63F0273-EE27-469A-BEA8-38E747ED17C3}.Release|Any CPU.ActiveCfg = Release|Any CPU
		{F63F0273-EE27-469A-BEA8-38E747ED17C3}.Release|Any CPU.Build.0 = Release|Any CPU
		{F63F0273-EE27-469A-BEA8-38E747ED17C3}.Release|x64.ActiveCfg = Release|Any CPU
		{F63F0273-EE27-469A-BEA8-38E747ED17C3}.Release|x64.Build.0 = Release|Any CPU
		{F63F0273-EE27-469A-BEA8-38E747ED17C3}.Release|x86.ActiveCfg = Release|Any CPU
		{F63F0273-EE27-469A-BEA8-38E747ED17C3}.Release|x86.Build.0 = Release|Any CPU
	EndGlobalSection
	GlobalSection(SolutionProperties) = preSolution
		HideSolutionNode = FALSE
	EndGlobalSection
	GlobalSection(NestedProjects) = preSolution
		{984BB9B3-3FA3-BE33-9484-CAC21695A33C} = {827E0CD3-B72D-47B6-A68D-7590B98EB39B}
		{C1F00440-3B95-7E7C-4384-129F8D527FBA} = {984BB9B3-3FA3-BE33-9484-CAC21695A33C}
		{3C8BC44E-FD39-45AE-907E-EF72EDDA2099} = {C1F00440-3B95-7E7C-4384-129F8D527FBA}
		{DE6CF868-017F-407C-A0C1-1F23A7F99FE3} = {C1F00440-3B95-7E7C-4384-129F8D527FBA}
		{CE902C37-BFF3-485B-80A9-8680140E46B8} = {C1F00440-3B95-7E7C-4384-129F8D527FBA}
		{9435B6E6-5E49-44D6-9E01-487D1343FCA9} = {C1F00440-3B95-7E7C-4384-129F8D527FBA}
		{90298CBA-BD6F-3A0A-69D5-97CAD7B05E7E} = {827E0CD3-B72D-47B6-A68D-7590B98EB39B}
		{819B2B17-D433-4453-9F1C-291A227E58FB} = {90298CBA-BD6F-3A0A-69D5-97CAD7B05E7E}
		{4DA17B0E-4957-45FF-81E9-570F0C9AB9F2} = {90298CBA-BD6F-3A0A-69D5-97CAD7B05E7E}
		{CD64DF4F-71ED-4FD7-B039-F1DDBF9FEA34} = {90298CBA-BD6F-3A0A-69D5-97CAD7B05E7E}
		{2F869F57-C37C-4DFA-BEE1-86E6255498D9} = {90298CBA-BD6F-3A0A-69D5-97CAD7B05E7E}
		{EAC50AFD-69F5-4795-9F4E-CCFFED7E6732} = {90298CBA-BD6F-3A0A-69D5-97CAD7B05E7E}
		{6306A8FB-679E-111F-6585-8F70E0EE6013} = {827E0CD3-B72D-47B6-A68D-7590B98EB39B}
		{6932C39C-4B83-4824-B8CE-242BB23EDA0A} = {6306A8FB-679E-111F-6585-8F70E0EE6013}
		{D9EBD59F-6E09-4357-8A0A-629FAD688361} = {90298CBA-BD6F-3A0A-69D5-97CAD7B05E7E}
		{0B679B8A-DFFC-4054-BD43-0991B91E911E} = {90298CBA-BD6F-3A0A-69D5-97CAD7B05E7E}
		{55FB86D5-2229-41C3-8C0A-7E73140369C0} = {90298CBA-BD6F-3A0A-69D5-97CAD7B05E7E}
		{FFD51076-A18D-4509-BD78-6B89BB2C1947} = {90298CBA-BD6F-3A0A-69D5-97CAD7B05E7E}
		{91537818-6812-15AC-B5EC-7C6521FBE51D} = {984BB9B3-3FA3-BE33-9484-CAC21695A33C}
		{B9996C97-20F7-4E52-AD21-64F3D6191132} = {91537818-6812-15AC-B5EC-7C6521FBE51D}
		{1A3146DA-1B39-428A-A381-14F2D100FD32} = {0AB3BF05-4346-4AA6-1389-037BE0695223}
		{F63F0273-EE27-469A-BEA8-38E747ED17C3} = {0AB3BF05-4346-4AA6-1389-037BE0695223}
	EndGlobalSection
EndGlobal
